
Microsoft Visual Studio Solution File, Format Version 12.00
# Visual Studio Version 16
VisualStudioVersion = 16.0.33927.289
MinimumVisualStudioVersion = 10.0.40219.1
Project("{F184B08F-C81C-45F6-A57F-5ABD9991F28F}") = "S223007245_P09_2023", "S223007245_P09_2023.vbproj", "{F6EF782E-8D21-48E1-BB51-5623441E7B21}"
EndProject
Global
	GlobalSection(SolutionConfigurationPlatforms) = preSolution
		Debug|Any CPU = Debug|Any CPU
		Release|Any CPU = Release|Any CPU
	EndGlobalSection
	GlobalSection(ProjectConfigurationPlatforms) = postSolution
		{F6EF782E-8D21-48E1-BB51-5623441E7B21}.Debug|Any CPU.ActiveCfg = Debug|Any CPU
		{F6EF782E-8D21-48E1-BB51-5623441E7B21}.Debug|Any CPU.Build.0 = Debug|Any CPU
		{F6EF782E-8D21-48E1-BB51-5623441E7B21}.Release|Any CPU.ActiveCfg = Release|Any CPU
		{F6EF782E-8D21-48E1-BB51-5623441E7B21}.Release|Any CPU.Build.0 = Release|Any CPU
	EndGlobalSection
	GlobalSection(SolutionProperties) = preSolution
		HideSolutionNode = FALSE
	EndGlobalSection
	GlobalSection(ExtensibilityGlobals) = postSolution
		SolutionGuid = {B277C136-A530-400B-8548-3F0354DD0C4E}
	EndGlobalSection
EndGlobal
