
Microsoft Visual Studio Solution File, Format Version 12.00
# Visual Studio Version 16
VisualStudioVersion = 16.0.33328.57
MinimumVisualStudioVersion = 10.0.40219.1
Project("{F184B08F-C81C-45F6-A57F-5ABD9991F28F}") = "S223007245_P03_2023", "S223007245_P03_2023.vbproj", "{D68E6BD4-D569-4BC0-BB3B-993C60317B36}"
EndProject
Global
	GlobalSection(SolutionConfigurationPlatforms) = preSolution
		Debug|Any CPU = Debug|Any CPU
		Release|Any CPU = Release|Any CPU
	EndGlobalSection
	GlobalSection(ProjectConfigurationPlatforms) = postSolution
		{D68E6BD4-D569-4BC0-BB3B-993C60317B36}.Debug|Any CPU.ActiveCfg = Debug|Any CPU
		{D68E6BD4-D569-4BC0-BB3B-993C60317B36}.Debug|Any CPU.Build.0 = Debug|Any CPU
		{D68E6BD4-D569-4BC0-BB3B-993C60317B36}.Release|Any CPU.ActiveCfg = Release|Any CPU
		{D68E6BD4-D569-4BC0-BB3B-993C60317B36}.Release|Any CPU.Build.0 = Release|Any CPU
	EndGlobalSection
	GlobalSection(SolutionProperties) = preSolution
		HideSolutionNode = FALSE
	EndGlobalSection
	GlobalSection(ExtensibilityGlobals) = postSolution
		SolutionGuid = {9F5F3CC3-39A9-4E30-B6CB-7727DE9E4881}
	EndGlobalSection
EndGlobal
